// !$*UTF8*$!
{
	archiveVersion = 1;
	classes = {
	};
	objectVersion = 56;
	objects = {

/* Begin PBXBuildFile section */
		3DCDC1822A4076DC0090028E /* AppDelegate.swift in Sources */ = {isa = PBXBuildFile; fileRef = 3DCDC1812A4076DC0090028E /* AppDelegate.swift */; };
		3DCDC1842A4076DC0090028E /* SceneDelegate.swift in Sources */ = {isa = PBXBuildFile; fileRef = 3DCDC1832A4076DC0090028E /* SceneDelegate.swift */; };
		3DCDC1862A4076DC0090028E /* ViewController.swift in Sources */ = {isa = PBXBuildFile; fileRef = 3DCDC1852A4076DC0090028E /* ViewController.swift */; };
		3DCDC1892A4076DC0090028E /* Main.storyboard in Resources */ = {isa = PBXBuildFile; fileRef = 3DCDC1872A4076DC0090028E /* Main.storyboard */; };
		3DCDC18B2A4076DD0090028E /* Assets.xcassets in Resources */ = {isa = PBXBuildFile; fileRef = 3DCDC18A2A4076DD0090028E /* Assets.xcassets */; };
		3DCDC18E2A4076DD0090028E /* LaunchScreen.storyboard in Resources */ = {isa = PBXBuildFile; fileRef = 3DCDC18C2A4076DD0090028E /* LaunchScreen.storyboard */; };
		3DCDC1972A4078290090028E /* SnapKit in Frameworks */ = {isa = PBXBuildFile; productRef = 3DCDC1962A4078290090028E /* SnapKit */; };
		3DCDC19A2A4078810090028E /* Then in Frameworks */ = {isa = PBXBuildFile; productRef = 3DCDC1992A4078810090028E /* Then */; };
		3DCDC19D2A407A980090028E /* BaseVC.swift in Sources */ = {isa = PBXBuildFile; fileRef = 3DCDC19C2A407A980090028E /* BaseVC.swift */; };
/* End PBXBuildFile section */

/* Begin PBXFileReference section */
		3DCDC17E2A4076DC0090028E /* PhotoPractice.app */ = {isa = PBXFileReference; explicitFileType = wrapper.application; includeInIndex = 0; path = PhotoPractice.app; sourceTree = BUILT_PRODUCTS_DIR; };
		3DCDC1812A4076DC0090028E /* AppDelegate.swift */ = {isa = PBXFileReference; lastKnownFileType = sourcecode.swift; path = AppDelegate.swift; sourceTree = "<group>"; };
		3DCDC1832A4076DC0090028E /* SceneDelegate.swift */ = {isa = PBXFileReference; lastKnownFileType = sourcecode.swift; path = SceneDelegate.swift; sourceTree = "<group>"; };
		3DCDC1852A4076DC0090028E /* ViewController.swift */ = {isa = PBXFileReference; lastKnownFileType = sourcecode.swift; path = ViewController.swift; sourceTree = "<group>"; };
		3DCDC1882A4076DC0090028E /* Base */ = {isa = PBXFileReference; lastKnownFileType = file.storyboard; name = Base; path = Base.lproj/Main.storyboard; sourceTree = "<group>"; };
		3DCDC18A2A4076DD0090028E /* Assets.xcassets */ = {isa = PBXFileReference; lastKnownFileType = folder.assetcatalog; path = Assets.xcassets; sourceTree = "<group>"; };
		3DCDC18D2A4076DD0090028E /* Base */ = {isa = PBXFileReference; lastKnownFileType = file.storyboard; name = Base; path = Base.lproj/LaunchScreen.storyboard; sourceTree = "<group>"; };
		3DCDC18F2A4076DD0090028E /* Info.plist */ = {isa = PBXFileReference; lastKnownFileType = text.plist.xml; path = Info.plist; sourceTree = "<group>"; };
		3DCDC19C2A407A980090028E /* BaseVC.swift */ = {isa = PBXFileReference; lastKnownFileType = sourcecode.swift; path = BaseVC.swift; sourceTree = "<group>"; };
/* End PBXFileReference section */

/* Begin PBXFrameworksBuildPhase section */
		3DCDC17B2A4076DC0090028E /* Frameworks */ = {
			isa = PBXFrameworksBuildPhase;
			buildActionMask = 2147483647;
			files = (
				3DCDC1972A4078290090028E /* SnapKit in Frameworks */,
				3DCDC19A2A4078810090028E /* Then in Frameworks */,
			);
			runOnlyForDeploymentPostprocessing = 0;
		};
/* End PBXFrameworksBuildPhase section */

/* Begin PBXGroup section */
		3DCDC1752A4076DC0090028E = {
			isa = PBXGroup;
			children = (
				3DCDC1802A4076DC0090028E /* PhotoPractice */,
				3DCDC17F2A4076DC0090028E /* Products */,
			);
			sourceTree = "<group>";
		};
		3DCDC17F2A4076DC0090028E /* Products */ = {
			isa = PBXGroup;
			children = (
				3DCDC17E2A4076DC0090028E /* PhotoPractice.app */,
			);
			name = Products;
			sourceTree = "<group>";
		};
		3DCDC1802A4076DC0090028E /* PhotoPractice */ = {
			isa = PBXGroup;
			children = (
				3DCDC19B2A407A890090028E /* Base */,
				3DCDC1812A4076DC0090028E /* AppDelegate.swift */,
				3DCDC1832A4076DC0090028E /* SceneDelegate.swift */,
				3DCDC1852A4076DC0090028E /* ViewController.swift */,
				3DCDC1872A4076DC0090028E /* Main.storyboard */,
				3DCDC18A2A4076DD0090028E /* Assets.xcassets */,
				3DCDC18C2A4076DD0090028E /* LaunchScreen.storyboard */,
				3DCDC18F2A4076DD0090028E /* Info.plist */,
			);
			path = PhotoPractice;
			sourceTree = "<group>";
		};
		3DCDC19B2A407A890090028E /* Base */ = {
			isa = PBXGroup;
			children = (
				3DCDC19C2A407A980090028E /* BaseVC.swift */,
			);
			path = Base;
			sourceTree = "<group>";
		};
/* End PBXGroup section */

/* Begin PBXNativeTarget section */
		3DCDC17D2A4076DC0090028E /* PhotoPractice */ = {
			isa = PBXNativeTarget;
			buildConfigurationList = 3DCDC1922A4076DD0090028E /* Build configuration list for PBXNativeTarget "PhotoPractice" */;
			buildPhases = (
				3DCDC17A2A4076DC0090028E /* Sources */,
				3DCDC17B2A4076DC0090028E /* Frameworks */,
				3DCDC17C2A4076DC0090028E /* Resources */,
			);
			buildRules = (
			);
			dependencies = (
			);
			name = PhotoPractice;
			packageProductDependencies = (
				3DCDC1962A4078290090028E /* SnapKit */,
				3DCDC1992A4078810090028E /* Then */,
			);
			productName = PhotoPractice;
			productReference = 3DCDC17E2A4076DC0090028E /* PhotoPractice.app */;
			productType = "com.apple.product-type.application";
		};
/* End PBXNativeTarget section */

/* Begin PBXProject section */
		3DCDC1762A4076DC0090028E /* Project object */ = {
			isa = PBXProject;
			attributes = {
				BuildIndependentTargetsInParallel = 1;
				LastSwiftUpdateCheck = 1430;
				LastUpgradeCheck = 1430;
				TargetAttributes = {
					3DCDC17D2A4076DC0090028E = {
						CreatedOnToolsVersion = 14.3.1;
					};
				};
			};
			buildConfigurationList = 3DCDC1792A4076DC0090028E /* Build configuration list for PBXProject "PhotoPractice" */;
			compatibilityVersion = "Xcode 14.0";
			developmentRegion = en;
			hasScannedForEncodings = 0;
			knownRegions = (
				en,
				Base,
			);
			mainGroup = 3DCDC1752A4076DC0090028E;
			packageReferences = (
				3DCDC1952A4078290090028E /* XCRemoteSwiftPackageReference "SnapKit" */,
				3DCDC1982A4078810090028E /* XCRemoteSwiftPackageReference "Then" */,
			);
			productRefGroup = 3DCDC17F2A4076DC0090028E /* Products */;
			projectDirPath = "";
			projectRoot = "";
			targets = (
				3DCDC17D2A4076DC0090028E /* PhotoPractice */,
			);
		};
/* End PBXProject section */

/* Begin PBXResourcesBuildPhase section */
		3DCDC17C2A4076DC0090028E /* Resources */ = {
			isa = PBXResourcesBuildPhase;
			buildActionMask = 2147483647;
			files = (
				3DCDC18E2A4076DD0090028E /* LaunchScreen.storyboard in Resources */,
				3DCDC18B2A4076DD0090028E /* Assets.xcassets in Resources */,
				3DCDC1892A4076DC0090028E /* Main.storyboard in Resources */,
			);
			runOnlyForDeploymentPostprocessing = 0;
		};
/* End PBXResourcesBuildPhase section */

/* Begin PBXSourcesBuildPhase section */
		3DCDC17A2A4076DC0090028E /* Sources */ = {
			isa = PBXSourcesBuildPhase;
			buildActionMask = 2147483647;
			files = (
				3DCDC1862A4076DC0090028E /* ViewController.swift in Sources */,
				3DCDC1822A4076DC0090028E /* AppDelegate.swift in Sources */,
				3DCDC1842A4076DC0090028E /* SceneDelegate.swift in Sources */,
				3DCDC19D2A407A980090028E /* BaseVC.swift in Sources */,
			);
			runOnlyForDeploymentPostprocessing = 0;
		};
/* End PBXSourcesBuildPhase section */

/* Begin PBXVariantGroup section */
		3DCDC1872A4076DC0090028E /* Main.storyboard */ = {
			isa = PBXVariantGroup;
			children = (
				3DCDC1882A4076DC0090028E /* Base */,
			);
			name = Main.storyboard;
			sourceTree = "<group>";
		};
		3DCDC18C2A4076DD0090028E /* LaunchScreen.storyboard */ = {
			isa = PBXVariantGroup;
			children = (
				3DCDC18D2A4076DD0090028E /* Base */,
			);
			name = LaunchScreen.storyboard;
			sourceTree = "<group>";
		};
/* End PBXVariantGroup section */

/* Begin XCBuildConfiguration section */
		3DCDC1902A4076DD0090028E /* Debug */ = {
			isa = XCBuildConfiguration;
			buildSettings = {
				ALWAYS_SEARCH_USER_PATHS = NO;
				CLANG_ANALYZER_NONNULL = YES;
				CLANG_ANALYZER_NUMBER_OBJECT_CONVERSION = YES_AGGRESSIVE;
				CLANG_CXX_LANGUAGE_STANDARD = "gnu++20";
				CLANG_ENABLE_MODULES = YES;
				CLANG_ENABLE_OBJC_ARC = YES;
				CLANG_ENABLE_OBJC_WEAK = YES;
				CLANG_WARN_BLOCK_CAPTURE_AUTORELEASING = YES;
				CLANG_WARN_BOOL_CONVERSION = YES;
				CLANG_WARN_COMMA = YES;
				CLANG_WARN_CONSTANT_CONVERSION = YES;
				CLANG_WARN_DEPRECATED_OBJC_IMPLEMENTATIONS = YES;
				CLANG_WARN_DIRECT_OBJC_ISA_USAGE = YES_ERROR;
				CLANG_WARN_DOCUMENTATION_COMMENTS = YES;
				CLANG_WARN_EMPTY_BODY = YES;
				CLANG_WARN_ENUM_CONVERSION = YES;
				CLANG_WARN_INFINITE_RECURSION = YES;
				CLANG_WARN_INT_CONVERSION = YES;
				CLANG_WARN_NON_LITERAL_NULL_CONVERSION = YES;
				CLANG_WARN_OBJC_IMPLICIT_RETAIN_SELF = YES;
				CLANG_WARN_OBJC_LITERAL_CONVERSION = YES;
				CLANG_WARN_OBJC_ROOT_CLASS = YES_ERROR;
				CLANG_WARN_QUOTED_INCLUDE_IN_FRAMEWORK_HEADER = YES;
				CLANG_WARN_RANGE_LOOP_ANALYSIS = YES;
				CLANG_WARN_STRICT_PROTOTYPES = YES;
				CLANG_WARN_SUSPICIOUS_MOVE = YES;
				CLANG_WARN_UNGUARDED_AVAILABILITY = YES_AGGRESSIVE;
				CLANG_WARN_UNREACHABLE_CODE = YES;
				CLANG_WARN__DUPLICATE_METHOD_MATCH = YES;
				COPY_PHASE_STRIP = NO;
				DEBUG_INFORMATION_FORMAT = dwarf;
				ENABLE_STRICT_OBJC_MSGSEND = YES;
				ENABLE_TESTABILITY = YES;
				GCC_C_LANGUAGE_STANDARD = gnu11;
				GCC_DYNAMIC_NO_PIC = NO;
				GCC_NO_COMMON_BLOCKS = YES;
				GCC_OPTIMIZATION_LEVEL = 0;
				GCC_PREPROCESSOR_DEFINITIONS = (
					"DEBUG=1",
					"$(inherited)",
				);
				GCC_WARN_64_TO_32_BIT_CONVERSION = YES;
				GCC_WARN_ABOUT_RETURN_TYPE = YES_ERROR;
				GCC_WARN_UNDECLARED_SELECTOR = YES;
				GCC_WARN_UNINITIALIZED_AUTOS = YES_AGGRESSIVE;
				GCC_WARN_UNUSED_FUNCTION = YES;
				GCC_WARN_UNUSED_VARIABLE = YES;
				IPHONEOS_DEPLOYMENT_TARGET = 16.4;
				MTL_ENABLE_DEBUG_INFO = INCLUDE_SOURCE;
				MTL_FAST_MATH = YES;
				ONLY_ACTIVE_ARCH = YES;
				SDKROOT = iphoneos;
				SWIFT_ACTIVE_COMPILATION_CONDITIONS = DEBUG;
				SWIFT_OPTIMIZATION_LEVEL = "-Onone";
			};
			name = Debug;
		};
		3DCDC1912A4076DD0090028E /* Release */ = {
			isa = XCBuildConfiguration;
			buildSettings = {
				ALWAYS_SEARCH_USER_PATHS = NO;
				CLANG_ANALYZER_NONNULL = YES;
				CLANG_ANALYZER_NUMBER_OBJECT_CONVERSION = YES_AGGRESSIVE;
				CLANG_CXX_LANGUAGE_STANDARD = "gnu++20";
				CLANG_ENABLE_MODULES = YES;
				CLANG_ENABLE_OBJC_ARC = YES;
				CLANG_ENABLE_OBJC_WEAK = YES;
				CLANG_WARN_BLOCK_CAPTURE_AUTORELEASING = YES;
				CLANG_WARN_BOOL_CONVERSION = YES;
				CLANG_WARN_COMMA = YES;
				CLANG_WARN_CONSTANT_CONVERSION = YES;
				CLANG_WARN_DEPRECATED_OBJC_IMPLEMENTATIONS = YES;
				CLANG_WARN_DIRECT_OBJC_ISA_USAGE = YES_ERROR;
				CLANG_WARN_DOCUMENTATION_COMMENTS = YES;
				CLANG_WARN_EMPTY_BODY = YES;
				CLANG_WARN_ENUM_CONVERSION = YES;
				CLANG_WARN_INFINITE_RECURSION = YES;
				CLANG_WARN_INT_CONVERSION = YES;
				CLANG_WARN_NON_LITERAL_NULL_CONVERSION = YES;
				CLANG_WARN_OBJC_IMPLICIT_RETAIN_SELF = YES;
				CLANG_WARN_OBJC_LITERAL_CONVERSION = YES;
				CLANG_WARN_OBJC_ROOT_CLASS = YES_ERROR;
				CLANG_WARN_QUOTED_INCLUDE_IN_FRAMEWORK_HEADER = YES;
				CLANG_WARN_RANGE_LOOP_ANALYSIS = YES;
				CLANG_WARN_STRICT_PROTOTYPES = YES;
				CLANG_WARN_SUSPICIOUS_MOVE = YES;
				CLANG_WARN_UNGUARDED_AVAILABILITY = YES_AGGRESSIVE;
				CLANG_WARN_UNREACHABLE_CODE = YES;
				CLANG_WARN__DUPLICATE_METHOD_MATCH = YES;
				COPY_PHASE_STRIP = NO;
				DEBUG_INFORMATION_FORMAT = "dwarf-with-dsym";
				ENABLE_NS_ASSERTIONS = NO;
				ENABLE_STRICT_OBJC_MSGSEND = YES;
				GCC_C_LANGUAGE_STANDARD = gnu11;
				GCC_NO_COMMON_BLOCKS = YES;
				GCC_WARN_64_TO_32_BIT_CONVERSION = YES;
				GCC_WARN_ABOUT_RETURN_TYPE = YES_ERROR;
				GCC_WARN_UNDECLARED_SELECTOR = YES;
				GCC_WARN_UNINITIALIZED_AUTOS = YES_AGGRESSIVE;
				GCC_WARN_UNUSED_FUNCTION = YES;
				GCC_WARN_UNUSED_VARIABLE = YES;
				IPHONEOS_DEPLOYMENT_TARGET = 16.4;
				MTL_ENABLE_DEBUG_INFO = NO;
				MTL_FAST_MATH = YES;
				SDKROOT = iphoneos;
				SWIFT_COMPILATION_MODE = wholemodule;
				SWIFT_OPTIMIZATION_LEVEL = "-O";
				VALIDATE_PRODUCT = YES;
			};
			name = Release;
		};
		3DCDC1932A4076DD0090028E /* Debug */ = {
			isa = XCBuildConfiguration;
			buildSettings = {
				ASSETCATALOG_COMPILER_APPICON_NAME = AppIcon;
				ASSETCATALOG_COMPILER_GLOBAL_ACCENT_COLOR_NAME = AccentColor;
				CODE_SIGN_STYLE = Automatic;
				CURRENT_PROJECT_VERSION = 1;
				DEVELOPMENT_TEAM = 6WZYJKR3V9;
				GENERATE_INFOPLIST_FILE = YES;
				INFOPLIST_FILE = PhotoPractice/Info.plist;
				INFOPLIST_KEY_UIApplicationSupportsIndirectInputEvents = YES;
				INFOPLIST_KEY_UILaunchStoryboardName = LaunchScreen;
				INFOPLIST_KEY_UISupportedInterfaceOrientations_iPad = "UIInterfaceOrientationPortrait UIInterfaceOrientationPortraitUpsideDown UIInterfaceOrientationLandscapeLeft UIInterfaceOrientationLandscapeRight";
				INFOPLIST_KEY_UISupportedInterfaceOrientations_iPhone = "UIInterfaceOrientationPortrait UIInterfaceOrientationLandscapeLeft UIInterfaceOrientationLandscapeRight";
				LD_RUNPATH_SEARCH_PATHS = (
					"$(inherited)",
					"@executable_path/Frameworks",
				);
				MARKETING_VERSION = 1.0;
				PRODUCT_BUNDLE_IDENTIFIER = com.KHcoding.PhotoPractice;
				PRODUCT_NAME = "$(TARGET_NAME)";
				SWIFT_EMIT_LOC_STRINGS = YES;
				SWIFT_VERSION = 5.0;
				TARGETED_DEVICE_FAMILY = "1,2";
			};
			name = Debug;
		};
		3DCDC1942A4076DD0090028E /* Release */ = {
			isa = XCBuildConfiguration;
			buildSettings = {
				ASSETCATALOG_COMPILER_APPICON_NAME = AppIcon;
				ASSETCATALOG_COMPILER_GLOBAL_ACCENT_COLOR_NAME = AccentColor;
				CODE_SIGN_STYLE = Automatic;
				CURRENT_PROJECT_VERSION = 1;
				DEVELOPMENT_TEAM = 6WZYJKR3V9;
				GENERATE_INFOPLIST_FILE = YES;
				INFOPLIST_FILE = PhotoPractice/Info.plist;
				INFOPLIST_KEY_UIApplicationSupportsIndirectInputEvents = YES;
				INFOPLIST_KEY_UILaunchStoryboardName = LaunchScreen;
				INFOPLIST_KEY_UISupportedInterfaceOrientations_iPad = "UIInterfaceOrientationPortrait UIInterfaceOrientationPortraitUpsideDown UIInterfaceOrientationLandscapeLeft UIInterfaceOrientationLandscapeRight";
				INFOPLIST_KEY_UISupportedInterfaceOrientations_iPhone = "UIInterfaceOrientationPortrait UIInterfaceOrientationLandscapeLeft UIInterfaceOrientationLandscapeRight";
				LD_RUNPATH_SEARCH_PATHS = (
					"$(inherited)",
					"@executable_path/Frameworks",
				);
				MARKETING_VERSION = 1.0;
				PRODUCT_BUNDLE_IDENTIFIER = com.KHcoding.PhotoPractice;
				PRODUCT_NAME = "$(TARGET_NAME)";
				SWIFT_EMIT_LOC_STRINGS = YES;
				SWIFT_VERSION = 5.0;
				TARGETED_DEVICE_FAMILY = "1,2";
			};
			name = Release;
		};
/* End XCBuildConfiguration section */

/* Begin XCConfigurationList section */
		3DCDC1792A4076DC0090028E /* Build configuration list for PBXProject "PhotoPractice" */ = {
			isa = XCConfigurationList;
			buildConfigurations = (
				3DCDC1902A4076DD0090028E /* Debug */,
				3DCDC1912A4076DD0090028E /* Release */,
			);
			defaultConfigurationIsVisible = 0;
			defaultConfigurationName = Release;
		};
		3DCDC1922A4076DD0090028E /* Build configuration list for PBXNativeTarget "PhotoPractice" */ = {
			isa = XCConfigurationList;
			buildConfigurations = (
				3DCDC1932A4076DD0090028E /* Debug */,
				3DCDC1942A4076DD0090028E /* Release */,
			);
			defaultConfigurationIsVisible = 0;
			defaultConfigurationName = Release;
		};
/* End XCConfigurationList section */

/* Begin XCRemoteSwiftPackageReference section */
		3DCDC1952A4078290090028E /* XCRemoteSwiftPackageReference "SnapKit" */ = {
			isa = XCRemoteSwiftPackageReference;
			repositoryURL = "https://github.com/SnapKit/SnapKit";
			requirement = {
				kind = upToNextMajorVersion;
				minimumVersion = 5.0.0;
			};
		};
		3DCDC1982A4078810090028E /* XCRemoteSwiftPackageReference "Then" */ = {
			isa = XCRemoteSwiftPackageReference;
			repositoryURL = "https://github.com/devxoul/Then";
			requirement = {
				kind = upToNextMajorVersion;
				minimumVersion = 3.0.0;
			};
		};
/* End XCRemoteSwiftPackageReference section */

/* Begin XCSwiftPackageProductDependency section */
		3DCDC1962A4078290090028E /* SnapKit */ = {
			isa = XCSwiftPackageProductDependency;
			package = 3DCDC1952A4078290090028E /* XCRemoteSwiftPackageReference "SnapKit" */;
			productName = SnapKit;
		};
		3DCDC1992A4078810090028E /* Then */ = {
			isa = XCSwiftPackageProductDependency;
			package = 3DCDC1982A4078810090028E /* XCRemoteSwiftPackageReference "Then" */;
			productName = Then;
		};
/* End XCSwiftPackageProductDependency section */
	};
	rootObject = 3DCDC1762A4076DC0090028E /* Project object */;
}
